{
  "originHash" : "12a7126ec35c6482594548601becc91e0fe6fcf3cca571ecd35341150b31164d",
  "pins" : [
    {
      "identity" : "cloudxr-framework",
      "kind" : "remoteSourceControl",
      "location" : "https://github.com/NVIDIA/cloudxr-framework",
      "state" : {
        "revision" : "5cd43e00e6e038d64b03896b00cad53821030b20",
        "version" : "6.2.0"
      }
    }
  ],
  "version" : 3
}
